// !$*UTF8*$!
{
	archiveVersion = 1;
	classes = {
	};
	objectVersion = 56;
	objects = {

/* Begin PBXBuildFile section */
		5621DD852C2A49F500E8649F /* NetworkMonitor.framework in Frameworks */ = {isa = PBXBuildFile; fileRef = 5681DA002C23D1750035B742 /* NetworkMonitor.framework */; };
		5621DD862C2A49F500E8649F /* NetworkMonitor.framework in Embed Frameworks */ = {isa = PBXBuildFile; fileRef = 5681DA002C23D1750035B742 /* NetworkMonitor.framework */; settings = {ATTRIBUTES = (CodeSignOnCopy, RemoveHeadersOnCopy, ); }; };
		5681D9D52C23D0F10035B742 /* ExampleApp.swift in Sources */ = {isa = PBXBuildFile; fileRef = 5681D9D42C23D0F10035B742 /* ExampleApp.swift */; };
		5681D9D72C23D0F10035B742 /* ContentView.swift in Sources */ = {isa = PBXBuildFile; fileRef = 5681D9D62C23D0F10035B742 /* ContentView.swift */; };
		5681D9D92C23D0F20035B742 /* Assets.xcassets in Resources */ = {isa = PBXBuildFile; fileRef = 5681D9D82C23D0F20035B742 /* Assets.xcassets */; };
		5681D9DC2C23D0F20035B742 /* Preview Assets.xcassets in Resources */ = {isa = PBXBuildFile; fileRef = 5681D9DB2C23D0F20035B742 /* Preview Assets.xcassets */; };
		5681D9E62C23D0F20035B742 /* ExampleTests.swift in Sources */ = {isa = PBXBuildFile; fileRef = 5681D9E52C23D0F20035B742 /* ExampleTests.swift */; };
		5681D9F02C23D0F20035B742 /* ExampleUITests.swift in Sources */ = {isa = PBXBuildFile; fileRef = 5681D9EF2C23D0F20035B742 /* ExampleUITests.swift */; };
		5681D9F22C23D0F20035B742 /* ExampleUITestsLaunchTests.swift in Sources */ = {isa = PBXBuildFile; fileRef = 5681D9F12C23D0F20035B742 /* ExampleUITestsLaunchTests.swift */; };
/* End PBXBuildFile section */

/* Begin PBXContainerItemProxy section */
		5621DD422C2A467A00E8649F /* PBXContainerItemProxy */ = {
			isa = PBXContainerItemProxy;
			containerPortal = 5621DD3D2C2A467A00E8649F /* NetworkMonitor.xcodeproj */;
			proxyType = 2;
			remoteGlobalIDString = 5681D8CB2C23C8BC0035B742;
			remoteInfo = NetworkMonitor;
		};
		5621DD442C2A467A00E8649F /* PBXContainerItemProxy */ = {
			isa = PBXContainerItemProxy;
			containerPortal = 5621DD3D2C2A467A00E8649F /* NetworkMonitor.xcodeproj */;
			proxyType = 2;
			remoteGlobalIDString = 5681D8D52C23C8BD0035B742;
			remoteInfo = NetworkMonitorTests;
		};
		5681D9E22C23D0F20035B742 /* PBXContainerItemProxy */ = {
			isa = PBXContainerItemProxy;
			containerPortal = 5681D9C92C23D0F10035B742 /* Project object */;
			proxyType = 1;
			remoteGlobalIDString = 5681D9D02C23D0F10035B742;
			remoteInfo = Example;
		};
		5681D9EC2C23D0F20035B742 /* PBXContainerItemProxy */ = {
			isa = PBXContainerItemProxy;
			containerPortal = 5681D9C92C23D0F10035B742 /* Project object */;
			proxyType = 1;
			remoteGlobalIDString = 5681D9D02C23D0F10035B742;
			remoteInfo = Example;
		};
/* End PBXContainerItemProxy section */

/* Begin PBXCopyFilesBuildPhase section */
		5621DD872C2A49F500E8649F /* Embed Frameworks */ = {
			isa = PBXCopyFilesBuildPhase;
			buildActionMask = 2147483647;
			dstPath = "";
			dstSubfolderSpec = 10;
			files = (
				5621DD862C2A49F500E8649F /* NetworkMonitor.framework in Embed Frameworks */,
			);
			name = "Embed Frameworks";
			runOnlyForDeploymentPostprocessing = 0;
		};
/* End PBXCopyFilesBuildPhase section */

/* Begin PBXFileReference section */
		5621DD3D2C2A467A00E8649F /* NetworkMonitor.xcodeproj */ = {isa = PBXFileReference; lastKnownFileType = "wrapper.pb-project"; name = NetworkMonitor.xcodeproj; path = ../NetworkMonitor/NetworkMonitor.xcodeproj; sourceTree = "<group>"; };
		5681D9D12C23D0F10035B742 /* Example.app */ = {isa = PBXFileReference; explicitFileType = wrapper.application; includeInIndex = 0; path = Example.app; sourceTree = BUILT_PRODUCTS_DIR; };
		5681D9D42C23D0F10035B742 /* ExampleApp.swift */ = {isa = PBXFileReference; lastKnownFileType = sourcecode.swift; path = ExampleApp.swift; sourceTree = "<group>"; };
		5681D9D62C23D0F10035B742 /* ContentView.swift */ = {isa = PBXFileReference; lastKnownFileType = sourcecode.swift; path = ContentView.swift; sourceTree = "<group>"; };
		5681D9D82C23D0F20035B742 /* Assets.xcassets */ = {isa = PBXFileReference; lastKnownFileType = folder.assetcatalog; path = Assets.xcassets; sourceTree = "<group>"; };
		5681D9DB2C23D0F20035B742 /* Preview Assets.xcassets */ = {isa = PBXFileReference; lastKnownFileType = folder.assetcatalog; path = "Preview Assets.xcassets"; sourceTree = "<group>"; };
		5681D9E12C23D0F20035B742 /* ExampleTests.xctest */ = {isa = PBXFileReference; explicitFileType = wrapper.cfbundle; includeInIndex = 0; path = ExampleTests.xctest; sourceTree = BUILT_PRODUCTS_DIR; };
		5681D9E52C23D0F20035B742 /* ExampleTests.swift */ = {isa = PBXFileReference; lastKnownFileType = sourcecode.swift; path = ExampleTests.swift; sourceTree = "<group>"; };
		5681D9EB2C23D0F20035B742 /* ExampleUITests.xctest */ = {isa = PBXFileReference; explicitFileType = wrapper.cfbundle; includeInIndex = 0; path = ExampleUITests.xctest; sourceTree = BUILT_PRODUCTS_DIR; };
		5681D9EF2C23D0F20035B742 /* ExampleUITests.swift */ = {isa = PBXFileReference; lastKnownFileType = sourcecode.swift; path = ExampleUITests.swift; sourceTree = "<group>"; };
		5681D9F12C23D0F20035B742 /* ExampleUITestsLaunchTests.swift */ = {isa = PBXFileReference; lastKnownFileType = sourcecode.swift; path = ExampleUITestsLaunchTests.swift; sourceTree = "<group>"; };
		5681DA002C23D1750035B742 /* NetworkMonitor.framework */ = {isa = PBXFileReference; explicitFileType = wrapper.framework; path = NetworkMonitor.framework; sourceTree = BUILT_PRODUCTS_DIR; };
/* End PBXFileReference section */

/* Begin PBXFrameworksBuildPhase section */
		5681D9CE2C23D0F10035B742 /* Frameworks */ = {
			isa = PBXFrameworksBuildPhase;
			buildActionMask = 2147483647;
			files = (
				5621DD852C2A49F500E8649F /* NetworkMonitor.framework in Frameworks */,
			);
			runOnlyForDeploymentPostprocessing = 0;
		};
		5681D9DE2C23D0F20035B742 /* Frameworks */ = {
			isa = PBXFrameworksBuildPhase;
			buildActionMask = 2147483647;
			files = (
			);
			runOnlyForDeploymentPostprocessing = 0;
		};
		5681D9E82C23D0F20035B742 /* Frameworks */ = {
			isa = PBXFrameworksBuildPhase;
			buildActionMask = 2147483647;
			files = (
			);
			runOnlyForDeploymentPostprocessing = 0;
		};
/* End PBXFrameworksBuildPhase section */

/* Begin PBXGroup section */
		5621DD3E2C2A467A00E8649F /* Products */ = {
			isa = PBXGroup;
			children = (
				5621DD432C2A467A00E8649F /* NetworkMonitor.framework */,
				5621DD452C2A467A00E8649F /* NetworkMonitorTests.xctest */,
			);
			name = Products;
			sourceTree = "<group>";
		};
		5681D9C82C23D0F10035B742 = {
			isa = PBXGroup;
			children = (
				5681D9D32C23D0F10035B742 /* Example */,
				5681D9E42C23D0F20035B742 /* ExampleTests */,
				5681D9EE2C23D0F20035B742 /* ExampleUITests */,
				5681D9D22C23D0F10035B742 /* Products */,
				5681D9FF2C23D1750035B742 /* Frameworks */,
			);
			sourceTree = "<group>";
		};
		5681D9D22C23D0F10035B742 /* Products */ = {
			isa = PBXGroup;
			children = (
				5681D9D12C23D0F10035B742 /* Example.app */,
				5681D9E12C23D0F20035B742 /* ExampleTests.xctest */,
				5681D9EB2C23D0F20035B742 /* ExampleUITests.xctest */,
			);
			name = Products;
			sourceTree = "<group>";
		};
		5681D9D32C23D0F10035B742 /* Example */ = {
			isa = PBXGroup;
			children = (
				5681D9D42C23D0F10035B742 /* ExampleApp.swift */,
				5681D9D62C23D0F10035B742 /* ContentView.swift */,
				5681D9D82C23D0F20035B742 /* Assets.xcassets */,
				5681D9DA2C23D0F20035B742 /* Preview Content */,
			);
			path = Example;
			sourceTree = "<group>";
		};
		5681D9DA2C23D0F20035B742 /* Preview Content */ = {
			isa = PBXGroup;
			children = (
				5681D9DB2C23D0F20035B742 /* Preview Assets.xcassets */,
			);
			path = "Preview Content";
			sourceTree = "<group>";
		};
		5681D9E42C23D0F20035B742 /* ExampleTests */ = {
			isa = PBXGroup;
			children = (
				5681D9E52C23D0F20035B742 /* ExampleTests.swift */,
			);
			path = ExampleTests;
			sourceTree = "<group>";
		};
		5681D9EE2C23D0F20035B742 /* ExampleUITests */ = {
			isa = PBXGroup;
			children = (
				5681D9EF2C23D0F20035B742 /* ExampleUITests.swift */,
				5681D9F12C23D0F20035B742 /* ExampleUITestsLaunchTests.swift */,
			);
			path = ExampleUITests;
			sourceTree = "<group>";
		};
		5681D9FF2C23D1750035B742 /* Frameworks */ = {
			isa = PBXGroup;
			children = (
				5621DD3D2C2A467A00E8649F /* NetworkMonitor.xcodeproj */,
				5681DA002C23D1750035B742 /* NetworkMonitor.framework */,
			);
			name = Frameworks;
			sourceTree = "<group>";
		};
/* End PBXGroup section */

/* Begin PBXNativeTarget section */
		5681D9D02C23D0F10035B742 /* Example */ = {
			isa = PBXNativeTarget;
			buildConfigurationList = 5681D9F52C23D0F20035B742 /* Build configuration list for PBXNativeTarget "Example" */;
			buildPhases = (
				5681D9CD2C23D0F10035B742 /* Sources */,
				5681D9CE2C23D0F10035B742 /* Frameworks */,
				5681D9CF2C23D0F10035B742 /* Resources */,
				5621DD872C2A49F500E8649F /* Embed Frameworks */,
			);
			buildRules = (
			);
			dependencies = (
			);
			name = Example;
			packageProductDependencies = (
			);
			productName = Example;
			productReference = 5681D9D12C23D0F10035B742 /* Example.app */;
			productType = "com.apple.product-type.application";
		};
		5681D9E02C23D0F20035B742 /* ExampleTests */ = {
			isa = PBXNativeTarget;
			buildConfigurationList = 5681D9F82C23D0F20035B742 /* Build configuration list for PBXNativeTarget "ExampleTests" */;
			buildPhases = (
				5681D9DD2C23D0F20035B742 /* Sources */,
				5681D9DE2C23D0F20035B742 /* Frameworks */,
				5681D9DF2C23D0F20035B742 /* Resources */,
			);
			buildRules = (
			);
			dependencies = (
				5681D9E32C23D0F20035B742 /* PBXTargetDependency */,
			);
			name = ExampleTests;
			productName = ExampleTests;
			productReference = 5681D9E12C23D0F20035B742 /* ExampleTests.xctest */;
			productType = "com.apple.product-type.bundle.unit-test";
		};
		5681D9EA2C23D0F20035B742 /* ExampleUITests */ = {
			isa = PBXNativeTarget;
			buildConfigurationList = 5681D9FB2C23D0F20035B742 /* Build configuration list for PBXNativeTarget "ExampleUITests" */;
			buildPhases = (
				5681D9E72C23D0F20035B742 /* Sources */,
				5681D9E82C23D0F20035B742 /* Frameworks */,
				5681D9E92C23D0F20035B742 /* Resources */,
			);
			buildRules = (
			);
			dependencies = (
				5681D9ED2C23D0F20035B742 /* PBXTargetDependency */,
			);
			name = ExampleUITests;
			productName = ExampleUITests;
			productReference = 5681D9EB2C23D0F20035B742 /* ExampleUITests.xctest */;
			productType = "com.apple.product-type.bundle.ui-testing";
		};
/* End PBXNativeTarget section */

/* Begin PBXProject section */
		5681D9C92C23D0F10035B742 /* Project object */ = {
			isa = PBXProject;
			attributes = {
				BuildIndependentTargetsInParallel = 1;
				LastSwiftUpdateCheck = 1540;
				LastUpgradeCheck = 1540;
				TargetAttributes = {
					5681D9D02C23D0F10035B742 = {
						CreatedOnToolsVersion = 15.4;
					};
					5681D9E02C23D0F20035B742 = {
						CreatedOnToolsVersion = 15.4;
						TestTargetID = 5681D9D02C23D0F10035B742;
					};
					5681D9EA2C23D0F20035B742 = {
						CreatedOnToolsVersion = 15.4;
						TestTargetID = 5681D9D02C23D0F10035B742;
					};
				};
			};
			buildConfigurationList = 5681D9CC2C23D0F10035B742 /* Build configuration list for PBXProject "Example" */;
			compatibilityVersion = "Xcode 14.0";
			developmentRegion = en;
			hasScannedForEncodings = 0;
			knownRegions = (
				en,
				Base,
			);
			mainGroup = 5681D9C82C23D0F10035B742;
			packageReferences = (
			);
			productRefGroup = 5681D9D22C23D0F10035B742 /* Products */;
			projectDirPath = "";
			projectReferences = (
				{
					ProductGroup = 5621DD3E2C2A467A00E8649F /* Products */;
					ProjectRef = 5621DD3D2C2A467A00E8649F /* NetworkMonitor.xcodeproj */;
				},
			);
			projectRoot = "";
			targets = (
				5681D9D02C23D0F10035B742 /* Example */,
				5681D9E02C23D0F20035B742 /* ExampleTests */,
				5681D9EA2C23D0F20035B742 /* ExampleUITests */,
			);
		};
/* End PBXProject section */

/* Begin PBXReferenceProxy section */
		5621DD432C2A467A00E8649F /* NetworkMonitor.framework */ = {
			isa = PBXReferenceProxy;
			fileType = wrapper.framework;
			path = NetworkMonitor.framework;
			remoteRef = 5621DD422C2A467A00E8649F /* PBXContainerItemProxy */;
			sourceTree = BUILT_PRODUCTS_DIR;
		};
		5621DD452C2A467A00E8649F /* NetworkMonitorTests.xctest */ = {
			isa = PBXReferenceProxy;
			fileType = wrapper.cfbundle;
			path = NetworkMonitorTests.xctest;
			remoteRef = 5621DD442C2A467A00E8649F /* PBXContainerItemProxy */;
			sourceTree = BUILT_PRODUCTS_DIR;
		};
/* End PBXReferenceProxy section */

/* Begin PBXResourcesBuildPhase section */
		5681D9CF2C23D0F10035B742 /* Resources */ = {
			isa = PBXResourcesBuildPhase;
			buildActionMask = 2147483647;
			files = (
				5681D9DC2C23D0F20035B742 /* Preview Assets.xcassets in Resources */,
				5681D9D92C23D0F20035B742 /* Assets.xcassets in Resources */,
			);
			runOnlyForDeploymentPostprocessing = 0;
		};
		5681D9DF2C23D0F20035B742 /* Resources */ = {
			isa = PBXResourcesBuildPhase;
			buildActionMask = 2147483647;
			files = (
			);
			runOnlyForDeploymentPostprocessing = 0;
		};
		5681D9E92C23D0F20035B742 /* Resources */ = {
			isa = PBXResourcesBuildPhase;
			buildActionMask = 2147483647;
			files = (
			);
			runOnlyForDeploymentPostprocessing = 0;
		};
/* End PBXResourcesBuildPhase section */

/* Begin PBXSourcesBuildPhase section */
		5681D9CD2C23D0F10035B742 /* Sources */ = {
			isa = PBXSourcesBuildPhase;
			buildActionMask = 2147483647;
			files = (
				5681D9D72C23D0F10035B742 /* ContentView.swift in Sources */,
				5681D9D52C23D0F10035B742 /* ExampleApp.swift in Sources */,
			);
			runOnlyForDeploymentPostprocessing = 0;
		};
		5681D9DD2C23D0F20035B742 /* Sources */ = {
			isa = PBXSourcesBuildPhase;
			buildActionMask = 2147483647;
			files = (
				5681D9E62C23D0F20035B742 /* ExampleTests.swift in Sources */,
			);
			runOnlyForDeploymentPostprocessing = 0;
		};
		5681D9E72C23D0F20035B742 /* Sources */ = {
			isa = PBXSourcesBuildPhase;
			buildActionMask = 2147483647;
			files = (
				5681D9F02C23D0F20035B742 /* ExampleUITests.swift in Sources */,
				5681D9F22C23D0F20035B742 /* ExampleUITestsLaunchTests.swift in Sources */,
			);
			runOnlyForDeploymentPostprocessing = 0;
		};
/* End PBXSourcesBuildPhase section */

/* Begin PBXTargetDependency section */
		5681D9E32C23D0F20035B742 /* PBXTargetDependency */ = {
			isa = PBXTargetDependency;
			target = 5681D9D02C23D0F10035B742 /* Example */;
			targetProxy = 5681D9E22C23D0F20035B742 /* PBXContainerItemProxy */;
		};
		5681D9ED2C23D0F20035B742 /* PBXTargetDependency */ = {
			isa = PBXTargetDependency;
			target = 5681D9D02C23D0F10035B742 /* Example */;
			targetProxy = 5681D9EC2C23D0F20035B742 /* PBXContainerItemProxy */;
		};
/* End PBXTargetDependency section */

/* Begin XCBuildConfiguration section */
		5681D9F32C23D0F20035B742 /* Debug */ = {
			isa = XCBuildConfiguration;
			buildSettings = {
				ALWAYS_SEARCH_USER_PATHS = NO;
				ASSETCATALOG_COMPILER_GENERATE_SWIFT_ASSET_SYMBOL_EXTENSIONS = YES;
				CLANG_ANALYZER_NONNULL = YES;
				CLANG_ANALYZER_NUMBER_OBJECT_CONVERSION = YES_AGGRESSIVE;
				CLANG_CXX_LANGUAGE_STANDARD = "gnu++20";
				CLANG_ENABLE_MODULES = YES;
				CLANG_ENABLE_OBJC_ARC = YES;
				CLANG_ENABLE_OBJC_WEAK = YES;
				CLANG_WARN_BLOCK_CAPTURE_AUTORELEASING = YES;
				CLANG_WARN_BOOL_CONVERSION = YES;
				CLANG_WARN_COMMA = YES;
				CLANG_WARN_CONSTANT_CONVERSION = YES;
				CLANG_WARN_DEPRECATED_OBJC_IMPLEMENTATIONS = YES;
				CLANG_WARN_DIRECT_OBJC_ISA_USAGE = YES_ERROR;
				CLANG_WARN_DOCUMENTATION_COMMENTS = YES;
				CLANG_WARN_EMPTY_BODY = YES;
				CLANG_WARN_ENUM_CONVERSION = YES;
				CLANG_WARN_INFINITE_RECURSION = YES;
				CLANG_WARN_INT_CONVERSION = YES;
				CLANG_WARN_NON_LITERAL_NULL_CONVERSION = YES;
				CLANG_WARN_OBJC_IMPLICIT_RETAIN_SELF = YES;
				CLANG_WARN_OBJC_LITERAL_CONVERSION = YES;
				CLANG_WARN_OBJC_ROOT_CLASS = YES_ERROR;
				CLANG_WARN_QUOTED_INCLUDE_IN_FRAMEWORK_HEADER = YES;
				CLANG_WARN_RANGE_LOOP_ANALYSIS = YES;
				CLANG_WARN_STRICT_PROTOTYPES = YES;
				CLANG_WARN_SUSPICIOUS_MOVE = YES;
				CLANG_WARN_UNGUARDED_AVAILABILITY = YES_AGGRESSIVE;
				CLANG_WARN_UNREACHABLE_CODE = YES;
				CLANG_WARN__DUPLICATE_METHOD_MATCH = YES;
				COPY_PHASE_STRIP = NO;
				DEBUG_INFORMATION_FORMAT = dwarf;
				ENABLE_STRICT_OBJC_MSGSEND = YES;
				ENABLE_TESTABILITY = YES;
				ENABLE_USER_SCRIPT_SANDBOXING = YES;
				GCC_C_LANGUAGE_STANDARD = gnu17;
				GCC_DYNAMIC_NO_PIC = NO;
				GCC_NO_COMMON_BLOCKS = YES;
				GCC_OPTIMIZATION_LEVEL = 0;
				GCC_PREPROCESSOR_DEFINITIONS = (
					"DEBUG=1",
					"$(inherited)",
				);
				GCC_WARN_64_TO_32_BIT_CONVERSION = YES;
				GCC_WARN_ABOUT_RETURN_TYPE = YES_ERROR;
				GCC_WARN_UNDECLARED_SELECTOR = YES;
				GCC_WARN_UNINITIALIZED_AUTOS = YES_AGGRESSIVE;
				GCC_WARN_UNUSED_FUNCTION = YES;
				GCC_WARN_UNUSED_VARIABLE = YES;
				IPHONEOS_DEPLOYMENT_TARGET = 17.5;
				LOCALIZATION_PREFERS_STRING_CATALOGS = YES;
				MTL_ENABLE_DEBUG_INFO = INCLUDE_SOURCE;
				MTL_FAST_MATH = YES;
				ONLY_ACTIVE_ARCH = YES;
				SDKROOT = iphoneos;
				SWIFT_ACTIVE_COMPILATION_CONDITIONS = "DEBUG $(inherited)";
				SWIFT_OPTIMIZATION_LEVEL = "-Onone";
			};
			name = Debug;
		};
		5681D9F42C23D0F20035B742 /* Release */ = {
			isa = XCBuildConfiguration;
			buildSettings = {
				ALWAYS_SEARCH_USER_PATHS = NO;
				ASSETCATALOG_COMPILER_GENERATE_SWIFT_ASSET_SYMBOL_EXTENSIONS = YES;
				CLANG_ANALYZER_NONNULL = YES;
				CLANG_ANALYZER_NUMBER_OBJECT_CONVERSION = YES_AGGRESSIVE;
				CLANG_CXX_LANGUAGE_STANDARD = "gnu++20";
				CLANG_ENABLE_MODULES = YES;
				CLANG_ENABLE_OBJC_ARC = YES;
				CLANG_ENABLE_OBJC_WEAK = YES;
				CLANG_WARN_BLOCK_CAPTURE_AUTORELEASING = YES;
				CLANG_WARN_BOOL_CONVERSION = YES;
				CLANG_WARN_COMMA = YES;
				CLANG_WARN_CONSTANT_CONVERSION = YES;
				CLANG_WARN_DEPRECATED_OBJC_IMPLEMENTATIONS = YES;
				CLANG_WARN_DIRECT_OBJC_ISA_USAGE = YES_ERROR;
				CLANG_WARN_DOCUMENTATION_COMMENTS = YES;
				CLANG_WARN_EMPTY_BODY = YES;
				CLANG_WARN_ENUM_CONVERSION = YES;
				CLANG_WARN_INFINITE_RECURSION = YES;
				CLANG_WARN_INT_CONVERSION = YES;
				CLANG_WARN_NON_LITERAL_NULL_CONVERSION = YES;
				CLANG_WARN_OBJC_IMPLICIT_RETAIN_SELF = YES;
				CLANG_WARN_OBJC_LITERAL_CONVERSION = YES;
				CLANG_WARN_OBJC_ROOT_CLASS = YES_ERROR;
				CLANG_WARN_QUOTED_INCLUDE_IN_FRAMEWORK_HEADER = YES;
				CLANG_WARN_RANGE_LOOP_ANALYSIS = YES;
				CLANG_WARN_STRICT_PROTOTYPES = YES;
				CLANG_WARN_SUSPICIOUS_MOVE = YES;
				CLANG_WARN_UNGUARDED_AVAILABILITY = YES_AGGRESSIVE;
				CLANG_WARN_UNREACHABLE_CODE = YES;
				CLANG_WARN__DUPLICATE_METHOD_MATCH = YES;
				COPY_PHASE_STRIP = NO;
				DEBUG_INFORMATION_FORMAT = "dwarf-with-dsym";
				ENABLE_NS_ASSERTIONS = NO;
				ENABLE_STRICT_OBJC_MSGSEND = YES;
				ENABLE_USER_SCRIPT_SANDBOXING = YES;
				GCC_C_LANGUAGE_STANDARD = gnu17;
				GCC_NO_COMMON_BLOCKS = YES;
				GCC_WARN_64_TO_32_BIT_CONVERSION = YES;
				GCC_WARN_ABOUT_RETURN_TYPE = YES_ERROR;
				GCC_WARN_UNDECLARED_SELECTOR = YES;
				GCC_WARN_UNINITIALIZED_AUTOS = YES_AGGRESSIVE;
				GCC_WARN_UNUSED_FUNCTION = YES;
				GCC_WARN_UNUSED_VARIABLE = YES;
				IPHONEOS_DEPLOYMENT_TARGET = 17.5;
				LOCALIZATION_PREFERS_STRING_CATALOGS = YES;
				MTL_ENABLE_DEBUG_INFO = NO;
				MTL_FAST_MATH = YES;
				SDKROOT = iphoneos;
				SWIFT_COMPILATION_MODE = wholemodule;
				VALIDATE_PRODUCT = YES;
			};
			name = Release;
		};
		5681D9F62C23D0F20035B742 /* Debug */ = {
			isa = XCBuildConfiguration;
			buildSettings = {
				ASSETCATALOG_COMPILER_APPICON_NAME = AppIcon;
				ASSETCATALOG_COMPILER_GLOBAL_ACCENT_COLOR_NAME = AccentColor;
				CODE_SIGN_STYLE = Automatic;
				CURRENT_PROJECT_VERSION = 1;
				DEVELOPMENT_ASSET_PATHS = "";
				DEVELOPMENT_TEAM = CSD6NA874L;
				ENABLE_PREVIEWS = YES;
				GENERATE_INFOPLIST_FILE = YES;
				INFOPLIST_KEY_UIApplicationSceneManifest_Generation = YES;
				INFOPLIST_KEY_UIApplicationSupportsIndirectInputEvents = YES;
				INFOPLIST_KEY_UILaunchScreen_Generation = YES;
				INFOPLIST_KEY_UISupportedInterfaceOrientations_iPad = "UIInterfaceOrientationPortrait UIInterfaceOrientationPortraitUpsideDown UIInterfaceOrientationLandscapeLeft UIInterfaceOrientationLandscapeRight";
				INFOPLIST_KEY_UISupportedInterfaceOrientations_iPhone = "UIInterfaceOrientationPortrait UIInterfaceOrientationLandscapeLeft UIInterfaceOrientationLandscapeRight";
				LD_RUNPATH_SEARCH_PATHS = (
					"$(inherited)",
					"@executable_path/Frameworks",
				);
				MARKETING_VERSION = 1.0;
				PRODUCT_BUNDLE_IDENTIFIER = com.themakew.Example;
				PRODUCT_NAME = "$(TARGET_NAME)";
				SWIFT_EMIT_LOC_STRINGS = YES;
				SWIFT_VERSION = 5.0;
				TARGETED_DEVICE_FAMILY = "1,2";
			};
			name = Debug;
		};
		5681D9F72C23D0F20035B742 /* Release */ = {
			isa = XCBuildConfiguration;
			buildSettings = {
				ASSETCATALOG_COMPILER_APPICON_NAME = AppIcon;
				ASSETCATALOG_COMPILER_GLOBAL_ACCENT_COLOR_NAME = AccentColor;
				CODE_SIGN_STYLE = Automatic;
				CURRENT_PROJECT_VERSION = 1;
				DEVELOPMENT_ASSET_PATHS = "";
				DEVELOPMENT_TEAM = CSD6NA874L;
				ENABLE_PREVIEWS = YES;
				GENERATE_INFOPLIST_FILE = YES;
				INFOPLIST_KEY_UIApplicationSceneManifest_Generation = YES;
				INFOPLIST_KEY_UIApplicationSupportsIndirectInputEvents = YES;
				INFOPLIST_KEY_UILaunchScreen_Generation = YES;
				INFOPLIST_KEY_UISupportedInterfaceOrientations_iPad = "UIInterfaceOrientationPortrait UIInterfaceOrientationPortraitUpsideDown UIInterfaceOrientationLandscapeLeft UIInterfaceOrientationLandscapeRight";
				INFOPLIST_KEY_UISupportedInterfaceOrientations_iPhone = "UIInterfaceOrientationPortrait UIInterfaceOrientationLandscapeLeft UIInterfaceOrientationLandscapeRight";
				LD_RUNPATH_SEARCH_PATHS = (
					"$(inherited)",
					"@executable_path/Frameworks",
				);
				MARKETING_VERSION = 1.0;
				PRODUCT_BUNDLE_IDENTIFIER = com.themakew.Example;
				PRODUCT_NAME = "$(TARGET_NAME)";
				SWIFT_EMIT_LOC_STRINGS = YES;
				SWIFT_VERSION = 5.0;
				TARGETED_DEVICE_FAMILY = "1,2";
			};
			name = Release;
		};
		5681D9F92C23D0F20035B742 /* Debug */ = {
			isa = XCBuildConfiguration;
			buildSettings = {
				ALWAYS_EMBED_SWIFT_STANDARD_LIBRARIES = YES;
				BUNDLE_LOADER = "$(TEST_HOST)";
				CODE_SIGN_STYLE = Automatic;
				CURRENT_PROJECT_VERSION = 1;
				DEVELOPMENT_TEAM = CSD6NA874L;
				GENERATE_INFOPLIST_FILE = YES;
				IPHONEOS_DEPLOYMENT_TARGET = 17.5;
				MARKETING_VERSION = 1.0;
				PRODUCT_BUNDLE_IDENTIFIER = com.themakew.ExampleTests;
				PRODUCT_NAME = "$(TARGET_NAME)";
				SWIFT_EMIT_LOC_STRINGS = NO;
				SWIFT_VERSION = 5.0;
				TARGETED_DEVICE_FAMILY = "1,2";
				TEST_HOST = "$(BUILT_PRODUCTS_DIR)/Example.app/$(BUNDLE_EXECUTABLE_FOLDER_PATH)/Example";
			};
			name = Debug;
		};
		5681D9FA2C23D0F20035B742 /* Release */ = {
			isa = XCBuildConfiguration;
			buildSettings = {
				ALWAYS_EMBED_SWIFT_STANDARD_LIBRARIES = YES;
				BUNDLE_LOADER = "$(TEST_HOST)";
				CODE_SIGN_STYLE = Automatic;
				CURRENT_PROJECT_VERSION = 1;
				DEVELOPMENT_TEAM = CSD6NA874L;
				GENERATE_INFOPLIST_FILE = YES;
				IPHONEOS_DEPLOYMENT_TARGET = 17.5;
				MARKETING_VERSION = 1.0;
				PRODUCT_BUNDLE_IDENTIFIER = com.themakew.ExampleTests;
				PRODUCT_NAME = "$(TARGET_NAME)";
				SWIFT_EMIT_LOC_STRINGS = NO;
				SWIFT_VERSION = 5.0;
				TARGETED_DEVICE_FAMILY = "1,2";
				TEST_HOST = "$(BUILT_PRODUCTS_DIR)/Example.app/$(BUNDLE_EXECUTABLE_FOLDER_PATH)/Example";
			};
			name = Release;
		};
		5681D9FC2C23D0F20035B742 /* Debug */ = {
			isa = XCBuildConfiguration;
			buildSettings = {
				ALWAYS_EMBED_SWIFT_STANDARD_LIBRARIES = YES;
				CODE_SIGN_STYLE = Automatic;
				CURRENT_PROJECT_VERSION = 1;
				DEVELOPMENT_TEAM = CSD6NA874L;
				GENERATE_INFOPLIST_FILE = YES;
				MARKETING_VERSION = 1.0;
				PRODUCT_BUNDLE_IDENTIFIER = com.themakew.ExampleUITests;
				PRODUCT_NAME = "$(TARGET_NAME)";
				SWIFT_EMIT_LOC_STRINGS = NO;
				SWIFT_VERSION = 5.0;
				TARGETED_DEVICE_FAMILY = "1,2";
				TEST_TARGET_NAME = Example;
			};
			name = Debug;
		};
		5681D9FD2C23D0F20035B742 /* Release */ = {
			isa = XCBuildConfiguration;
			buildSettings = {
				ALWAYS_EMBED_SWIFT_STANDARD_LIBRARIES = YES;
				CODE_SIGN_STYLE = Automatic;
				CURRENT_PROJECT_VERSION = 1;
				DEVELOPMENT_TEAM = CSD6NA874L;
				GENERATE_INFOPLIST_FILE = YES;
				MARKETING_VERSION = 1.0;
				PRODUCT_BUNDLE_IDENTIFIER = com.themakew.ExampleUITests;
				PRODUCT_NAME = "$(TARGET_NAME)";
				SWIFT_EMIT_LOC_STRINGS = NO;
				SWIFT_VERSION = 5.0;
				TARGETED_DEVICE_FAMILY = "1,2";
				TEST_TARGET_NAME = Example;
			};
			name = Release;
		};
/* End XCBuildConfiguration section */

/* Begin XCConfigurationList section */
		5681D9CC2C23D0F10035B742 /* Build configuration list for PBXProject "Example" */ = {
			isa = XCConfigurationList;
			buildConfigurations = (
				5681D9F32C23D0F20035B742 /* Debug */,
				5681D9F42C23D0F20035B742 /* Release */,
			);
			defaultConfigurationIsVisible = 0;
			defaultConfigurationName = Release;
		};
		5681D9F52C23D0F20035B742 /* Build configuration list for PBXNativeTarget "Example" */ = {
			isa = XCConfigurationList;
			buildConfigurations = (
				5681D9F62C23D0F20035B742 /* Debug */,
				5681D9F72C23D0F20035B742 /* Release */,
			);
			defaultConfigurationIsVisible = 0;
			defaultConfigurationName = Release;
		};
		5681D9F82C23D0F20035B742 /* Build configuration list for PBXNativeTarget "ExampleTests" */ = {
			isa = XCConfigurationList;
			buildConfigurations = (
				5681D9F92C23D0F20035B742 /* Debug */,
				5681D9FA2C23D0F20035B742 /* Release */,
			);
			defaultConfigurationIsVisible = 0;
			defaultConfigurationName = Release;
		};
		5681D9FB2C23D0F20035B742 /* Build configuration list for PBXNativeTarget "ExampleUITests" */ = {
			isa = XCConfigurationList;
			buildConfigurations = (
				5681D9FC2C23D0F20035B742 /* Debug */,
				5681D9FD2C23D0F20035B742 /* Release */,
			);
			defaultConfigurationIsVisible = 0;
			defaultConfigurationName = Release;
		};
/* End XCConfigurationList section */
	};
	rootObject = 5681D9C92C23D0F10035B742 /* Project object */;
}
